// !$*UTF8*$!
{
	archiveVersion = 1;
	classes = {
	};
	objectVersion = 46;
	objects = {

/* Begin PBXBuildFile section */
		1D3623260D0F684500981E51 /* AppDelegate.m in Sources */ = {isa = PBXBuildFile; fileRef = 1D3623250D0F684500981E51 /* AppDelegate.m */; };
		1D60589B0D05DD56006BFB54 /* main.m in Sources */ = {isa = PBXBuildFile; fileRef = 29B97316FDCFA39411CA2CEA /* main.m */; };
		1D60589F0D05DD5A006BFB54 /* Foundation.framework in Frameworks */ = {isa = PBXBuildFile; fileRef = 1D30AB110D05D00D00671497 /* Foundation.framework */; };
		1DF5F4E00D08C38300B7A737 /* UIKit.framework in Frameworks */ = {isa = PBXBuildFile; fileRef = 1DF5F4DF0D08C38300B7A737 /* UIKit.framework */; settings = {ATTRIBUTES = (Weak, ); }; };
		1F766FE113BBADB100FB74C0 /* Localizable.strings in Resources */ = {isa = PBXBuildFile; fileRef = 1F766FDC13BBADB100FB74C0 /* Localizable.strings */; };
		1F766FE213BBADB100FB74C0 /* Localizable.strings in Resources */ = {isa = PBXBuildFile; fileRef = 1F766FDF13BBADB100FB74C0 /* Localizable.strings */; };
		288765FD0DF74451002DB57D /* CoreGraphics.framework in Frameworks */ = {isa = PBXBuildFile; fileRef = 288765FC0DF74451002DB57D /* CoreGraphics.framework */; };
		301BF570109A69640062928A /* www in Resources */ = {isa = PBXBuildFile; fileRef = 301BF56E109A69640062928A /* www */; };
		301BF5B5109A6A2B0062928A /* AddressBook.framework in Frameworks */ = {isa = PBXBuildFile; fileRef = 301BF5B4109A6A2B0062928A /* AddressBook.framework */; };
		301BF5B7109A6A2B0062928A /* AddressBookUI.framework in Frameworks */ = {isa = PBXBuildFile; fileRef = 301BF5B6109A6A2B0062928A /* AddressBookUI.framework */; };
		301BF5B9109A6A2B0062928A /* AudioToolbox.framework in Frameworks */ = {isa = PBXBuildFile; fileRef = 301BF5B8109A6A2B0062928A /* AudioToolbox.framework */; };
		301BF5BB109A6A2B0062928A /* AVFoundation.framework in Frameworks */ = {isa = PBXBuildFile; fileRef = 301BF5BA109A6A2B0062928A /* AVFoundation.framework */; settings = {ATTRIBUTES = (Weak, ); }; };
		301BF5BD109A6A2B0062928A /* CFNetwork.framework in Frameworks */ = {isa = PBXBuildFile; fileRef = 301BF5BC109A6A2B0062928A /* CFNetwork.framework */; };
		301BF5BF109A6A2B0062928A /* CoreLocation.framework in Frameworks */ = {isa = PBXBuildFile; fileRef = 301BF5BE109A6A2B0062928A /* CoreLocation.framework */; };
		301BF5C1109A6A2B0062928A /* MediaPlayer.framework in Frameworks */ = {isa = PBXBuildFile; fileRef = 301BF5C0109A6A2B0062928A /* MediaPlayer.framework */; };
		301BF5C3109A6A2B0062928A /* QuartzCore.framework in Frameworks */ = {isa = PBXBuildFile; fileRef = 301BF5C2109A6A2B0062928A /* QuartzCore.framework */; };
		301BF5C5109A6A2B0062928A /* SystemConfiguration.framework in Frameworks */ = {isa = PBXBuildFile; fileRef = 301BF5C4109A6A2B0062928A /* SystemConfiguration.framework */; };
		302D95F114D2391D003F00A1 /* MainViewController.m in Sources */ = {isa = PBXBuildFile; fileRef = 302D95EF14D2391D003F00A1 /* MainViewController.m */; };
		302D95F214D2391D003F00A1 /* MainViewController.xib in Resources */ = {isa = PBXBuildFile; fileRef = 302D95F014D2391D003F00A1 /* MainViewController.xib */; };
		305D5FD1115AB8F900A74A75 /* MobileCoreServices.framework in Frameworks */ = {isa = PBXBuildFile; fileRef = 305D5FD0115AB8F900A74A75 /* MobileCoreServices.framework */; };
		3072F99713A8081B00425683 /* Capture.bundle in Resources */ = {isa = PBXBuildFile; fileRef = 3072F99613A8081B00425683 /* Capture.bundle */; };
		3088BBBD154F3926009F9C59 /* Default-Landscape@2x~ipad.png in Resources */ = {isa = PBXBuildFile; fileRef = 3088BBB7154F3926009F9C59 /* Default-Landscape@2x~ipad.png */; };
		3088BBBE154F3926009F9C59 /* Default-Landscape~ipad.png in Resources */ = {isa = PBXBuildFile; fileRef = 3088BBB8154F3926009F9C59 /* Default-Landscape~ipad.png */; };
		3088BBBF154F3926009F9C59 /* Default-Portrait@2x~ipad.png in Resources */ = {isa = PBXBuildFile; fileRef = 3088BBB9154F3926009F9C59 /* Default-Portrait@2x~ipad.png */; };
		3088BBC0154F3926009F9C59 /* Default-Portrait~ipad.png in Resources */ = {isa = PBXBuildFile; fileRef = 3088BBBA154F3926009F9C59 /* Default-Portrait~ipad.png */; };
		3088BBC1154F3926009F9C59 /* Default@2x~iphone.png in Resources */ = {isa = PBXBuildFile; fileRef = 3088BBBB154F3926009F9C59 /* Default@2x~iphone.png */; };
		3088BBC2154F3926009F9C59 /* Default~iphone.png in Resources */ = {isa = PBXBuildFile; fileRef = 3088BBBC154F3926009F9C59 /* Default~iphone.png */; };
		308D05371370CCF300D202BF /* icon-72.png in Resources */ = {isa = PBXBuildFile; fileRef = 308D052E1370CCF300D202BF /* icon-72.png */; };
		308D05381370CCF300D202BF /* icon.png in Resources */ = {isa = PBXBuildFile; fileRef = 308D052F1370CCF300D202BF /* icon.png */; };
		308D05391370CCF300D202BF /* icon@2x.png in Resources */ = {isa = PBXBuildFile; fileRef = 308D05301370CCF300D202BF /* icon@2x.png */; };
		30A0434814DC770100060A13 /* Localizable.strings in Resources */ = {isa = PBXBuildFile; fileRef = 30A0434314DC770100060A13 /* Localizable.strings */; };
		30A0434914DC770100060A13 /* Localizable.strings in Resources */ = {isa = PBXBuildFile; fileRef = 30A0434614DC770100060A13 /* Localizable.strings */; };
		30E1352710E2C1420031B30D /* Cordova.plist in Resources */ = {isa = PBXBuildFile; fileRef = 30E1352610E2C1420031B30D /* Cordova.plist */; };
		30E5649213A7FCAF007403D8 /* CoreMedia.framework in Frameworks */ = {isa = PBXBuildFile; fileRef = 30E5649113A7FCAF007403D8 /* CoreMedia.framework */; settings = {ATTRIBUTES = (Weak, ); }; };
		386134E0182EA923003449C8 /* CDVBarcodeScanner.mm in Sources */ = {isa = PBXBuildFile; fileRef = 386134DB182EA923003449C8 /* CDVBarcodeScanner.mm */; };
		386134E1182EA923003449C8 /* README in Resources */ = {isa = PBXBuildFile; fileRef = 386134DC182EA923003449C8 /* README */; };
		386134E2182EA923003449C8 /* scannerOverlay.xib in Resources */ = {isa = PBXBuildFile; fileRef = 386134DD182EA923003449C8 /* scannerOverlay.xib */; };
		386134E3182EA923003449C8 /* zxing-all-in-one.cp in Sources */ = {isa = PBXBuildFile; fileRef = 386134DE182EA923003449C8 /* zxing-all-in-one.cp */; };
		3874F81B182EB16300E7EF0E /* libCordova.a in Frameworks */ = {isa = PBXBuildFile; fileRef = 3874F81A182EB14F00E7EF0E /* libCordova.a */; };
		38C1EF1916330C6B00D13C09 /* Default-568h@2x.png in Resources */ = {isa = PBXBuildFile; fileRef = 38C1EF1816330C6B00D13C09 /* Default-568h@2x.png */; };
		38C1EF3B16331C5700D13C09 /* AssetsLibrary.framework in Frameworks */ = {isa = PBXBuildFile; fileRef = 38C1EF3A16331C5700D13C09 /* AssetsLibrary.framework */; };
		38C1EF3D16331C6800D13C09 /* CoreVideo.framework in Frameworks */ = {isa = PBXBuildFile; fileRef = 38C1EF3C16331C6800D13C09 /* CoreVideo.framework */; };
		38C1EF3F16331C8A00D13C09 /* libiconv.dylib in Frameworks */ = {isa = PBXBuildFile; fileRef = 38C1EF3E16331C8A00D13C09 /* libiconv.dylib */; };
		38F807A616C1B961006B247E /* KidsKruiser57.png in Resources */ = {isa = PBXBuildFile; fileRef = 38F807A516C1B961006B247E /* KidsKruiser57.png */; };
		38F807A816C1BB41006B247E /* KidsKruiser114.png in Resources */ = {isa = PBXBuildFile; fileRef = 38F807A716C1BB41006B247E /* KidsKruiser114.png */; };
		38F807AA16C4348A006B247E /* Default@2x.png in Resources */ = {isa = PBXBuildFile; fileRef = 38F807A916C4348A006B247E /* Default@2x.png */; };
		38F807AC16C4348E006B247E /* Default.png in Resources */ = {isa = PBXBuildFile; fileRef = 38F807AB16C4348E006B247E /* Default.png */; };
		38F807AE16C439F6006B247E /* Default-Landscape@2x~ipad.png in Resources */ = {isa = PBXBuildFile; fileRef = 38F807AD16C439F6006B247E /* Default-Landscape@2x~ipad.png */; };
		38F807B016C439FA006B247E /* Default-Portrait@2x~ipad.png in Resources */ = {isa = PBXBuildFile; fileRef = 38F807AF16C439FA006B247E /* Default-Portrait@2x~ipad.png */; };
		38F807B216C439FF006B247E /* Default-Portrait~ipad.png in Resources */ = {isa = PBXBuildFile; fileRef = 38F807B116C439FF006B247E /* Default-Portrait~ipad.png */; };
/* End PBXBuildFile section */

/* Begin PBXContainerItemProxy section */
		3874F819182EB14F00E7EF0E /* PBXContainerItemProxy */ = {
			isa = PBXContainerItemProxy;
			containerPortal = 3874F815182EB14F00E7EF0E /* CordovaLib.xcodeproj */;
			proxyType = 2;
			remoteGlobalIDString = 68A32D7114102E1C006B237C;
			remoteInfo = CordovaLib;
		};
/* End PBXContainerItemProxy section */

/* Begin PBXFileReference section */
		1D30AB110D05D00D00671497 /* Foundation.framework */ = {isa = PBXFileReference; lastKnownFileType = wrapper.framework; name = Foundation.framework; path = System/Library/Frameworks/Foundation.framework; sourceTree = SDKROOT; };
		1D3623240D0F684500981E51 /* AppDelegate.h */ = {isa = PBXFileReference; fileEncoding = 4; lastKnownFileType = sourcecode.c.h; path = AppDelegate.h; sourceTree = "<group>"; };
		1D3623250D0F684500981E51 /* AppDelegate.m */ = {isa = PBXFileReference; fileEncoding = 4; lastKnownFileType = sourcecode.c.objc; path = AppDelegate.m; sourceTree = "<group>"; };
		1D6058910D05DD3D006BFB54 /* Kids Kruiser.app */ = {isa = PBXFileReference; explicitFileType = wrapper.application; includeInIndex = 0; path = "Kids Kruiser.app"; sourceTree = BUILT_PRODUCTS_DIR; };
		1DF5F4DF0D08C38300B7A737 /* UIKit.framework */ = {isa = PBXFileReference; lastKnownFileType = wrapper.framework; name = UIKit.framework; path = System/Library/Frameworks/UIKit.framework; sourceTree = SDKROOT; };
		1F766FDD13BBADB100FB74C0 /* en */ = {isa = PBXFileReference; lastKnownFileType = text.plist.strings; name = en; path = Localizable.strings; sourceTree = "<group>"; };
		1F766FE013BBADB100FB74C0 /* es */ = {isa = PBXFileReference; lastKnownFileType = text.plist.strings; name = es; path = Localizable.strings; sourceTree = "<group>"; };
		288765FC0DF74451002DB57D /* CoreGraphics.framework */ = {isa = PBXFileReference; lastKnownFileType = wrapper.framework; name = CoreGraphics.framework; path = System/Library/Frameworks/CoreGraphics.framework; sourceTree = SDKROOT; };
		29B97316FDCFA39411CA2CEA /* main.m */ = {isa = PBXFileReference; fileEncoding = 4; lastKnownFileType = sourcecode.c.objc; path = main.m; sourceTree = "<group>"; };
		301BF52D109A57CC0062928A /* CordovaLib */ = {isa = PBXFileReference; lastKnownFileType = folder; name = CordovaLib; path = ../CordovaLib; sourceTree = "<group>"; };
		301BF56E109A69640062928A /* www */ = {isa = PBXFileReference; lastKnownFileType = folder; path = www; sourceTree = SOURCE_ROOT; };
		301BF5B4109A6A2B0062928A /* AddressBook.framework */ = {isa = PBXFileReference; lastKnownFileType = wrapper.framework; name = AddressBook.framework; path = System/Library/Frameworks/AddressBook.framework; sourceTree = SDKROOT; };
		301BF5B6109A6A2B0062928A /* AddressBookUI.framework */ = {isa = PBXFileReference; lastKnownFileType = wrapper.framework; name = AddressBookUI.framework; path = System/Library/Frameworks/AddressBookUI.framework; sourceTree = SDKROOT; };
		301BF5B8109A6A2B0062928A /* AudioToolbox.framework */ = {isa = PBXFileReference; lastKnownFileType = wrapper.framework; name = AudioToolbox.framework; path = System/Library/Frameworks/AudioToolbox.framework; sourceTree = SDKROOT; };
		301BF5BA109A6A2B0062928A /* AVFoundation.framework */ = {isa = PBXFileReference; lastKnownFileType = wrapper.framework; name = AVFoundation.framework; path = System/Library/Frameworks/AVFoundation.framework; sourceTree = SDKROOT; };
		301BF5BC109A6A2B0062928A /* CFNetwork.framework */ = {isa = PBXFileReference; lastKnownFileType = wrapper.framework; name = CFNetwork.framework; path = System/Library/Frameworks/CFNetwork.framework; sourceTree = SDKROOT; };
		301BF5BE109A6A2B0062928A /* CoreLocation.framework */ = {isa = PBXFileReference; lastKnownFileType = wrapper.framework; name = CoreLocation.framework; path = System/Library/Frameworks/CoreLocation.framework; sourceTree = SDKROOT; };
		301BF5C0109A6A2B0062928A /* MediaPlayer.framework */ = {isa = PBXFileReference; lastKnownFileType = wrapper.framework; name = MediaPlayer.framework; path = System/Library/Frameworks/MediaPlayer.framework; sourceTree = SDKROOT; };
		301BF5C2109A6A2B0062928A /* QuartzCore.framework */ = {isa = PBXFileReference; lastKnownFileType = wrapper.framework; name = QuartzCore.framework; path = System/Library/Frameworks/QuartzCore.framework; sourceTree = SDKROOT; };
		301BF5C4109A6A2B0062928A /* SystemConfiguration.framework */ = {isa = PBXFileReference; lastKnownFileType = wrapper.framework; name = SystemConfiguration.framework; path = System/Library/Frameworks/SystemConfiguration.framework; sourceTree = SDKROOT; };
		302D95EE14D2391D003F00A1 /* MainViewController.h */ = {isa = PBXFileReference; fileEncoding = 4; lastKnownFileType = sourcecode.c.h; path = MainViewController.h; sourceTree = "<group>"; };
		302D95EF14D2391D003F00A1 /* MainViewController.m */ = {isa = PBXFileReference; fileEncoding = 4; lastKnownFileType = sourcecode.c.objc; path = MainViewController.m; sourceTree = "<group>"; };
		302D95F014D2391D003F00A1 /* MainViewController.xib */ = {isa = PBXFileReference; fileEncoding = 4; lastKnownFileType = file.xib; path = MainViewController.xib; sourceTree = "<group>"; };
		305D5FD0115AB8F900A74A75 /* MobileCoreServices.framework */ = {isa = PBXFileReference; lastKnownFileType = wrapper.framework; name = MobileCoreServices.framework; path = System/Library/Frameworks/MobileCoreServices.framework; sourceTree = SDKROOT; };
		3072F99613A8081B00425683 /* Capture.bundle */ = {isa = PBXFileReference; lastKnownFileType = "wrapper.plug-in"; path = Capture.bundle; sourceTree = "<group>"; };
		307D28A1123043350040C0FA /* CordovaBuildSettings.xcconfig */ = {isa = PBXFileReference; fileEncoding = 4; lastKnownFileType = text.xcconfig; name = CordovaBuildSettings.xcconfig; path = ../CordovaBuildSettings.xcconfig; sourceTree = "<group>"; };
		3088BBB7154F3926009F9C59 /* Default-Landscape@2x~ipad.png */ = {isa = PBXFileReference; lastKnownFileType = image.png; path = "Default-Landscape@2x~ipad.png"; sourceTree = "<group>"; };
		3088BBB8154F3926009F9C59 /* Default-Landscape~ipad.png */ = {isa = PBXFileReference; lastKnownFileType = image.png; path = "Default-Landscape~ipad.png"; sourceTree = "<group>"; };
		3088BBB9154F3926009F9C59 /* Default-Portrait@2x~ipad.png */ = {isa = PBXFileReference; lastKnownFileType = image.png; path = "Default-Portrait@2x~ipad.png"; sourceTree = "<group>"; };
		3088BBBA154F3926009F9C59 /* Default-Portrait~ipad.png */ = {isa = PBXFileReference; lastKnownFileType = image.png; path = "Default-Portrait~ipad.png"; sourceTree = "<group>"; };
		3088BBBB154F3926009F9C59 /* Default@2x~iphone.png */ = {isa = PBXFileReference; lastKnownFileType = image.png; path = "Default@2x~iphone.png"; sourceTree = "<group>"; };
		3088BBBC154F3926009F9C59 /* Default~iphone.png */ = {isa = PBXFileReference; lastKnownFileType = image.png; path = "Default~iphone.png"; sourceTree = "<group>"; };
		308D052E1370CCF300D202BF /* icon-72.png */ = {isa = PBXFileReference; lastKnownFileType = image.png; path = "icon-72.png"; sourceTree = "<group>"; };
		308D052F1370CCF300D202BF /* icon.png */ = {isa = PBXFileReference; lastKnownFileType = image.png; path = icon.png; sourceTree = "<group>"; };
		308D05301370CCF300D202BF /* icon@2x.png */ = {isa = PBXFileReference; lastKnownFileType = image.png; path = "icon@2x.png"; sourceTree = "<group>"; };
		30A0434414DC770100060A13 /* de */ = {isa = PBXFileReference; lastKnownFileType = text.plist.strings; name = de; path = Localizable.strings; sourceTree = "<group>"; };
		30A0434714DC770100060A13 /* se */ = {isa = PBXFileReference; lastKnownFileType = text.plist.strings; name = se; path = Localizable.strings; sourceTree = "<group>"; };
		30E1352610E2C1420031B30D /* Cordova.plist */ = {isa = PBXFileReference; fileEncoding = 4; lastKnownFileType = text.plist.xml; name = Cordova.plist; path = ../Cordova.plist; sourceTree = "<group>"; };
		30E5649113A7FCAF007403D8 /* CoreMedia.framework */ = {isa = PBXFileReference; lastKnownFileType = wrapper.framework; name = CoreMedia.framework; path = System/Library/Frameworks/CoreMedia.framework; sourceTree = SDKROOT; };
		32CA4F630368D1EE00C91783 /* Chrysler-Prefix.pch */ = {isa = PBXFileReference; fileEncoding = 4; lastKnownFileType = sourcecode.c.h; path = "Chrysler-Prefix.pch"; sourceTree = "<group>"; };
		38313C68182EABF500AEA247 /* CDV.h */ = {isa = PBXFileReference; lastKnownFileType = sourcecode.c.h; path = CDV.h; sourceTree = "<group>"; };
		38313C69182EABF500AEA247 /* CDVAccelerometer.h */ = {isa = PBXFileReference; lastKnownFileType = sourcecode.c.h; path = CDVAccelerometer.h; sourceTree = "<group>"; };
		38313C6A182EABF500AEA247 /* CDVAccelerometer.m */ = {isa = PBXFileReference; lastKnownFileType = sourcecode.c.objc; path = CDVAccelerometer.m; sourceTree = "<group>"; };
		38313C6B182EABF500AEA247 /* CDVAvailability.h */ = {isa = PBXFileReference; lastKnownFileType = sourcecode.c.h; path = CDVAvailability.h; sourceTree = "<group>"; };
		38313C6C182EABF500AEA247 /* CDVBattery.h */ = {isa = PBXFileReference; lastKnownFileType = sourcecode.c.h; path = CDVBattery.h; sourceTree = "<group>"; };
		38313C6D182EABF500AEA247 /* CDVBattery.m */ = {isa = PBXFileReference; lastKnownFileType = sourcecode.c.objc; path = CDVBattery.m; sourceTree = "<group>"; };
		38313C6E182EABF500AEA247 /* CDVCamera.h */ = {isa = PBXFileReference; lastKnownFileType = sourcecode.c.h; path = CDVCamera.h; sourceTree = "<group>"; };
		38313C6F182EABF500AEA247 /* CDVCamera.m */ = {isa = PBXFileReference; lastKnownFileType = sourcecode.c.objc; path = CDVCamera.m; sourceTree = "<group>"; };
		38313C70182EABF500AEA247 /* CDVCapture.h */ = {isa = PBXFileReference; lastKnownFileType = sourcecode.c.h; path = CDVCapture.h; sourceTree = "<group>"; };
		38313C71182EABF500AEA247 /* CDVCapture.m */ = {isa = PBXFileReference; lastKnownFileType = sourcecode.c.objc; path = CDVCapture.m; sourceTree = "<group>"; };
		38313C72182EABF500AEA247 /* CDVCommandDelegate.h */ = {isa = PBXFileReference; lastKnownFileType = sourcecode.c.h; path = CDVCommandDelegate.h; sourceTree = "<group>"; };
		38313C73182EABF500AEA247 /* CDVConnection.h */ = {isa = PBXFileReference; lastKnownFileType = sourcecode.c.h; path = CDVConnection.h; sourceTree = "<group>"; };
		38313C74182EABF500AEA247 /* CDVConnection.m */ = {isa = PBXFileReference; lastKnownFileType = sourcecode.c.objc; path = CDVConnection.m; sourceTree = "<group>"; };
		38313C75182EABF500AEA247 /* CDVContact.h */ = {isa = PBXFileReference; lastKnownFileType = sourcecode.c.h; path = CDVContact.h; sourceTree = "<group>"; };
		38313C76182EABF500AEA247 /* CDVContact.m */ = {isa = PBXFileReference; lastKnownFileType = sourcecode.c.objc; path = CDVContact.m; sourceTree = "<group>"; };
		38313C77182EABF500AEA247 /* CDVContacts.h */ = {isa = PBXFileReference; lastKnownFileType = sourcecode.c.h; path = CDVContacts.h; sourceTree = "<group>"; };
		38313C78182EABF500AEA247 /* CDVContacts.m */ = {isa = PBXFileReference; lastKnownFileType = sourcecode.c.objc; path = CDVContacts.m; sourceTree = "<group>"; };
		38313C79182EABF500AEA247 /* CDVCordovaView.h */ = {isa = PBXFileReference; lastKnownFileType = sourcecode.c.h; path = CDVCordovaView.h; sourceTree = "<group>"; };
		38313C7A182EABF500AEA247 /* CDVCordovaView.m */ = {isa = PBXFileReference; lastKnownFileType = sourcecode.c.objc; path = CDVCordovaView.m; sourceTree = "<group>"; };
		38313C7B182EABF500AEA247 /* CDVDebug.h */ = {isa = PBXFileReference; lastKnownFileType = sourcecode.c.h; path = CDVDebug.h; sourceTree = "<group>"; };
		38313C7C182EABF500AEA247 /* CDVDebugConsole.h */ = {isa = PBXFileReference; lastKnownFileType = sourcecode.c.h; path = CDVDebugConsole.h; sourceTree = "<group>"; };
		38313C7D182EABF500AEA247 /* CDVDebugConsole.m */ = {isa = PBXFileReference; lastKnownFileType = sourcecode.c.objc; path = CDVDebugConsole.m; sourceTree = "<group>"; };
		38313C7E182EABF500AEA247 /* CDVDevice.h */ = {isa = PBXFileReference; lastKnownFileType = sourcecode.c.h; path = CDVDevice.h; sourceTree = "<group>"; };
		38313C7F182EABF500AEA247 /* CDVDevice.m */ = {isa = PBXFileReference; lastKnownFileType = sourcecode.c.objc; path = CDVDevice.m; sourceTree = "<group>"; };
		38313C80182EABF500AEA247 /* CDVEcho.h */ = {isa = PBXFileReference; lastKnownFileType = sourcecode.c.h; path = CDVEcho.h; sourceTree = "<group>"; };
		38313C81182EABF500AEA247 /* CDVEcho.m */ = {isa = PBXFileReference; lastKnownFileType = sourcecode.c.objc; path = CDVEcho.m; sourceTree = "<group>"; };
		38313C82182EABF500AEA247 /* CDVFile.h */ = {isa = PBXFileReference; lastKnownFileType = sourcecode.c.h; path = CDVFile.h; sourceTree = "<group>"; };
		38313C83182EABF500AEA247 /* CDVFile.m */ = {isa = PBXFileReference; lastKnownFileType = sourcecode.c.objc; path = CDVFile.m; sourceTree = "<group>"; };
		38313C84182EABF500AEA247 /* CDVFileTransfer.h */ = {isa = PBXFileReference; lastKnownFileType = sourcecode.c.h; path = CDVFileTransfer.h; sourceTree = "<group>"; };
		38313C85182EABF500AEA247 /* CDVFileTransfer.m */ = {isa = PBXFileReference; lastKnownFileType = sourcecode.c.objc; path = CDVFileTransfer.m; sourceTree = "<group>"; };
		38313C86182EABF500AEA247 /* CDVInvokedUrlCommand.h */ = {isa = PBXFileReference; lastKnownFileType = sourcecode.c.h; path = CDVInvokedUrlCommand.h; sourceTree = "<group>"; };
		38313C87182EABF500AEA247 /* CDVInvokedUrlCommand.m */ = {isa = PBXFileReference; lastKnownFileType = sourcecode.c.objc; path = CDVInvokedUrlCommand.m; sourceTree = "<group>"; };
		38313C88182EABF500AEA247 /* CDVLocalStorage.h */ = {isa = PBXFileReference; lastKnownFileType = sourcecode.c.h; path = CDVLocalStorage.h; sourceTree = "<group>"; };
		38313C89182EABF500AEA247 /* CDVLocalStorage.m */ = {isa = PBXFileReference; lastKnownFileType = sourcecode.c.objc; path = CDVLocalStorage.m; sourceTree = "<group>"; };
		38313C8A182EABF500AEA247 /* CDVLocation.h */ = {isa = PBXFileReference; lastKnownFileType = sourcecode.c.h; path = CDVLocation.h; sourceTree = "<group>"; };
		38313C8B182EABF500AEA247 /* CDVLocation.m */ = {isa = PBXFileReference; lastKnownFileType = sourcecode.c.objc; path = CDVLocation.m; sourceTree = "<group>"; };
		38313C8C182EABF500AEA247 /* CDVLogger.h */ = {isa = PBXFileReference; lastKnownFileType = sourcecode.c.h; path = CDVLogger.h; sourceTree = "<group>"; };
		38313C8D182EABF500AEA247 /* CDVLogger.m */ = {isa = PBXFileReference; lastKnownFileType = sourcecode.c.objc; path = CDVLogger.m; sourceTree = "<group>"; };
		38313C8E182EABF500AEA247 /* CDVNotification.h */ = {isa = PBXFileReference; lastKnownFileType = sourcecode.c.h; path = CDVNotification.h; sourceTree = "<group>"; };
		38313C8F182EABF500AEA247 /* CDVNotification.m */ = {isa = PBXFileReference; lastKnownFileType = sourcecode.c.objc; path = CDVNotification.m; sourceTree = "<group>"; };
		38313C90182EABF500AEA247 /* CDVPlugin.h */ = {isa = PBXFileReference; lastKnownFileType = sourcecode.c.h; path = CDVPlugin.h; sourceTree = "<group>"; };
		38313C91182EABF500AEA247 /* CDVPlugin.m */ = {isa = PBXFileReference; lastKnownFileType = sourcecode.c.objc; path = CDVPlugin.m; sourceTree = "<group>"; };
		38313C92182EABF500AEA247 /* CDVPluginResult.h */ = {isa = PBXFileReference; lastKnownFileType = sourcecode.c.h; path = CDVPluginResult.h; sourceTree = "<group>"; };
		38313C93182EABF500AEA247 /* CDVPluginResult.m */ = {isa = PBXFileReference; lastKnownFileType = sourcecode.c.objc; path = CDVPluginResult.m; sourceTree = "<group>"; };
		38313C94182EABF500AEA247 /* CDVReachability.h */ = {isa = PBXFileReference; lastKnownFileType = sourcecode.c.h; path = CDVReachability.h; sourceTree = "<group>"; };
		38313C95182EABF500AEA247 /* CDVReachability.m */ = {isa = PBXFileReference; lastKnownFileType = sourcecode.c.objc; path = CDVReachability.m; sourceTree = "<group>"; };
		38313C96182EABF500AEA247 /* CDVSound.h */ = {isa = PBXFileReference; lastKnownFileType = sourcecode.c.h; path = CDVSound.h; sourceTree = "<group>"; };
		38313C97182EABF500AEA247 /* CDVSound.m */ = {isa = PBXFileReference; lastKnownFileType = sourcecode.c.objc; path = CDVSound.m; sourceTree = "<group>"; };
		38313C98182EABF500AEA247 /* CDVSplashScreen.h */ = {isa = PBXFileReference; lastKnownFileType = sourcecode.c.h; path = CDVSplashScreen.h; sourceTree = "<group>"; };
		38313C99182EABF500AEA247 /* CDVSplashScreen.m */ = {isa = PBXFileReference; lastKnownFileType = sourcecode.c.objc; path = CDVSplashScreen.m; sourceTree = "<group>"; };
		38313C9A182EABF500AEA247 /* CDVURLProtocol.h */ = {isa = PBXFileReference; lastKnownFileType = sourcecode.c.h; path = CDVURLProtocol.h; sourceTree = "<group>"; };
		38313C9B182EABF500AEA247 /* CDVURLProtocol.m */ = {isa = PBXFileReference; lastKnownFileType = sourcecode.c.objc; path = CDVURLProtocol.m; sourceTree = "<group>"; };
		38313C9C182EABF500AEA247 /* CDVViewController.h */ = {isa = PBXFileReference; lastKnownFileType = sourcecode.c.h; path = CDVViewController.h; sourceTree = "<group>"; };
		38313C9D182EABF500AEA247 /* CDVViewController.m */ = {isa = PBXFileReference; lastKnownFileType = sourcecode.c.objc; path = CDVViewController.m; sourceTree = "<group>"; };
		38313C9E182EABF500AEA247 /* CDVWhitelist.h */ = {isa = PBXFileReference; lastKnownFileType = sourcecode.c.h; path = CDVWhitelist.h; sourceTree = "<group>"; };
		38313C9F182EABF500AEA247 /* CDVWhitelist.m */ = {isa = PBXFileReference; lastKnownFileType = sourcecode.c.objc; path = CDVWhitelist.m; sourceTree = "<group>"; };
		38313CA2182EABF500AEA247 /* CDV.h */ = {isa = PBXFileReference; lastKnownFileType = sourcecode.c.h; path = CDV.h; sourceTree = "<group>"; };
		38313CA3182EABF500AEA247 /* CDVPlugin.h */ = {isa = PBXFileReference; lastKnownFileType = sourcecode.c.h; path = CDVPlugin.h; sourceTree = "<group>"; };
		38313CA4182EABF500AEA247 /* CDVPlugin.m */ = {isa = PBXFileReference; lastKnownFileType = sourcecode.c.objc; path = CDVPlugin.m; sourceTree = "<group>"; };
		38313CA6182EABF500AEA247 /* CDV.h */ = {isa = PBXFileReference; lastKnownFileType = sourcecode.c.h; path = CDV.h; sourceTree = "<group>"; };
		38313CA7182EABF500AEA247 /* CDVPlugin.h */ = {isa = PBXFileReference; lastKnownFileType = sourcecode.c.h; path = CDVPlugin.h; sourceTree = "<group>"; };
		38313CA8182EABF500AEA247 /* README.txt */ = {isa = PBXFileReference; lastKnownFileType = text; path = README.txt; sourceTree = "<group>"; };
		38313CAA182EABF500AEA247 /* CDVDebugWebView.h */ = {isa = PBXFileReference; lastKnownFileType = sourcecode.c.h; path = CDVDebugWebView.h; sourceTree = "<group>"; };
		38313CAB182EABF500AEA247 /* CDVDebugWebView.m */ = {isa = PBXFileReference; lastKnownFileType = sourcecode.c.objc; path = CDVDebugWebView.m; sourceTree = "<group>"; };
		38313CAC182EABF500AEA247 /* WebScriptDebugDelegate.h */ = {isa = PBXFileReference; lastKnownFileType = sourcecode.c.h; path = WebScriptDebugDelegate.h; sourceTree = "<group>"; };
		38313CAE182EABF500AEA247 /* CDVDeprecated.h */ = {isa = PBXFileReference; lastKnownFileType = sourcecode.c.h; path = CDVDeprecated.h; sourceTree = "<group>"; };
		38313CAF182EABF500AEA247 /* CDVDeprecated.m */ = {isa = PBXFileReference; lastKnownFileType = sourcecode.c.objc; path = CDVDeprecated.m; sourceTree = "<group>"; };
		38313CB1182EABF500AEA247 /* JSONKit.h */ = {isa = PBXFileReference; lastKnownFileType = sourcecode.c.h; path = JSONKit.h; sourceTree = "<group>"; };
		38313CB2182EABF500AEA247 /* JSONKit.m */ = {isa = PBXFileReference; lastKnownFileType = sourcecode.c.objc; path = JSONKit.m; sourceTree = "<group>"; };
		38313CB3182EABF500AEA247 /* NSArray+Comparisons.h */ = {isa = PBXFileReference; lastKnownFileType = sourcecode.c.h; path = "NSArray+Comparisons.h"; sourceTree = "<group>"; };
		38313CB4182EABF500AEA247 /* NSArray+Comparisons.m */ = {isa = PBXFileReference; lastKnownFileType = sourcecode.c.objc; path = "NSArray+Comparisons.m"; sourceTree = "<group>"; };
		38313CB5182EABF500AEA247 /* NSData+Base64.h */ = {isa = PBXFileReference; lastKnownFileType = sourcecode.c.h; path = "NSData+Base64.h"; sourceTree = "<group>"; };
		38313CB6182EABF500AEA247 /* NSData+Base64.m */ = {isa = PBXFileReference; lastKnownFileType = sourcecode.c.objc; path = "NSData+Base64.m"; sourceTree = "<group>"; };
		38313CB7182EABF500AEA247 /* NSDictionary+Extensions.h */ = {isa = PBXFileReference; lastKnownFileType = sourcecode.c.h; path = "NSDictionary+Extensions.h"; sourceTree = "<group>"; };
		38313CB8182EABF500AEA247 /* NSDictionary+Extensions.m */ = {isa = PBXFileReference; lastKnownFileType = sourcecode.c.objc; path = "NSDictionary+Extensions.m"; sourceTree = "<group>"; };
		38313CB9182EABF500AEA247 /* NSMutableArray+QueueAdditions.h */ = {isa = PBXFileReference; lastKnownFileType = sourcecode.c.h; path = "NSMutableArray+QueueAdditions.h"; sourceTree = "<group>"; };
		38313CBA182EABF500AEA247 /* NSMutableArray+QueueAdditions.m */ = {isa = PBXFileReference; lastKnownFileType = sourcecode.c.objc; path = "NSMutableArray+QueueAdditions.m"; sourceTree = "<group>"; };
		38313CBB182EABF500AEA247 /* UIDevice+Extensions.h */ = {isa = PBXFileReference; lastKnownFileType = sourcecode.c.h; path = "UIDevice+Extensions.h"; sourceTree = "<group>"; };
		38313CBC182EABF500AEA247 /* UIDevice+Extensions.m */ = {isa = PBXFileReference; lastKnownFileType = sourcecode.c.objc; path = "UIDevice+Extensions.m"; sourceTree = "<group>"; };
		386134DB182EA923003449C8 /* CDVBarcodeScanner.mm */ = {isa = PBXFileReference; fileEncoding = 4; lastKnownFileType = sourcecode.cpp.objcpp; path = CDVBarcodeScanner.mm; sourceTree = "<group>"; };
		386134DC182EA923003449C8 /* README */ = {isa = PBXFileReference; fileEncoding = 4; lastKnownFileType = text; path = README; sourceTree = "<group>"; };
		386134DD182EA923003449C8 /* scannerOverlay.xib */ = {isa = PBXFileReference; fileEncoding = 4; lastKnownFileType = file.xib; path = scannerOverlay.xib; sourceTree = "<group>"; };
		386134DE182EA923003449C8 /* zxing-all-in-one.cp */ = {isa = PBXFileReference; fileEncoding = 4; lastKnownFileType = sourcecode.cpp.cpp; path = "zxing-all-in-one.cp"; sourceTree = "<group>"; };
		386134DF182EA923003449C8 /* zxing-all-in-one.h */ = {isa = PBXFileReference; fileEncoding = 4; lastKnownFileType = sourcecode.c.h; path = "zxing-all-in-one.h"; sourceTree = "<group>"; };
		3874F813182EB00C00E7EF0E /* libCordova.a */ = {isa = PBXFileReference; lastKnownFileType = file; name = libCordova.a; path = "../CordovaLib/CordovaLib/build/Debug-iphoneos/libCordova.a"; sourceTree = "<group>"; };
		3874F815182EB14F00E7EF0E /* CordovaLib.xcodeproj */ = {isa = PBXFileReference; lastKnownFileType = "wrapper.pb-project"; name = CordovaLib.xcodeproj; path = ../CordovaLib/CordovaLib/CordovaLib.xcodeproj; sourceTree = "<group>"; };
		38C1EF1816330C6B00D13C09 /* Default-568h@2x.png */ = {isa = PBXFileReference; lastKnownFileType = image.png; path = "Default-568h@2x.png"; sourceTree = "<group>"; };
		38C1EF3A16331C5700D13C09 /* AssetsLibrary.framework */ = {isa = PBXFileReference; lastKnownFileType = wrapper.framework; name = AssetsLibrary.framework; path = System/Library/Frameworks/AssetsLibrary.framework; sourceTree = SDKROOT; };
		38C1EF3C16331C6800D13C09 /* CoreVideo.framework */ = {isa = PBXFileReference; lastKnownFileType = wrapper.framework; name = CoreVideo.framework; path = System/Library/Frameworks/CoreVideo.framework; sourceTree = SDKROOT; };
		38C1EF3E16331C8A00D13C09 /* libiconv.dylib */ = {isa = PBXFileReference; lastKnownFileType = "compiled.mach-o.dylib"; name = libiconv.dylib; path = usr/lib/libiconv.dylib; sourceTree = SDKROOT; };
		38F807A516C1B961006B247E /* KidsKruiser57.png */ = {isa = PBXFileReference; lastKnownFileType = image.png; path = KidsKruiser57.png; sourceTree = "<group>"; };
		38F807A716C1BB41006B247E /* KidsKruiser114.png */ = {isa = PBXFileReference; lastKnownFileType = image.png; path = KidsKruiser114.png; sourceTree = "<group>"; };
		38F807A916C4348A006B247E /* Default@2x.png */ = {isa = PBXFileReference; lastKnownFileType = image.png; path = "Default@2x.png"; sourceTree = "<group>"; };
		38F807AB16C4348E006B247E /* Default.png */ = {isa = PBXFileReference; lastKnownFileType = image.png; path = Default.png; sourceTree = "<group>"; };
		38F807AD16C439F6006B247E /* Default-Landscape@2x~ipad.png */ = {isa = PBXFileReference; lastKnownFileType = image.png; path = "Default-Landscape@2x~ipad.png"; sourceTree = "<group>"; };
		38F807AF16C439FA006B247E /* Default-Portrait@2x~ipad.png */ = {isa = PBXFileReference; lastKnownFileType = image.png; path = "Default-Portrait@2x~ipad.png"; sourceTree = "<group>"; };
		38F807B116C439FF006B247E /* Default-Portrait~ipad.png */ = {isa = PBXFileReference; lastKnownFileType = image.png; path = "Default-Portrait~ipad.png"; sourceTree = "<group>"; };
		8D1107310486CEB800E47090 /* Chrysler-Info.plist */ = {isa = PBXFileReference; fileEncoding = 4; lastKnownFileType = text.plist.xml; name = "Chrysler-Info.plist"; path = "../Chrysler-Info.plist"; plistStructureDefinitionIdentifier = "com.apple.xcode.plist.structure-definition.iphone.info-plist"; sourceTree = "<group>"; };
/* End PBXFileReference section */

/* Begin PBXFrameworksBuildPhase section */
		1D60588F0D05DD3D006BFB54 /* Frameworks */ = {
			isa = PBXFrameworksBuildPhase;
			buildActionMask = 2147483647;
			files = (
				3874F81B182EB16300E7EF0E /* libCordova.a in Frameworks */,
				38C1EF3F16331C8A00D13C09 /* libiconv.dylib in Frameworks */,
				38C1EF3D16331C6800D13C09 /* CoreVideo.framework in Frameworks */,
				38C1EF3B16331C5700D13C09 /* AssetsLibrary.framework in Frameworks */,
				1D60589F0D05DD5A006BFB54 /* Foundation.framework in Frameworks */,
				1DF5F4E00D08C38300B7A737 /* UIKit.framework in Frameworks */,
				288765FD0DF74451002DB57D /* CoreGraphics.framework in Frameworks */,
				301BF5B5109A6A2B0062928A /* AddressBook.framework in Frameworks */,
				301BF5B9109A6A2B0062928A /* AudioToolbox.framework in Frameworks */,
				301BF5B7109A6A2B0062928A /* AddressBookUI.framework in Frameworks */,
				301BF5BB109A6A2B0062928A /* AVFoundation.framework in Frameworks */,
				301BF5BD109A6A2B0062928A /* CFNetwork.framework in Frameworks */,
				301BF5BF109A6A2B0062928A /* CoreLocation.framework in Frameworks */,
				301BF5C1109A6A2B0062928A /* MediaPlayer.framework in Frameworks */,
				301BF5C3109A6A2B0062928A /* QuartzCore.framework in Frameworks */,
				301BF5C5109A6A2B0062928A /* SystemConfiguration.framework in Frameworks */,
				305D5FD1115AB8F900A74A75 /* MobileCoreServices.framework in Frameworks */,
				30E5649213A7FCAF007403D8 /* CoreMedia.framework in Frameworks */,
			);
			runOnlyForDeploymentPostprocessing = 0;
		};
/* End PBXFrameworksBuildPhase section */

/* Begin PBXGroup section */
		080E96DDFE201D6D7F000001 /* Classes */ = {
			isa = PBXGroup;
			children = (
				302D95EE14D2391D003F00A1 /* MainViewController.h */,
				302D95EF14D2391D003F00A1 /* MainViewController.m */,
				302D95F014D2391D003F00A1 /* MainViewController.xib */,
				1D3623240D0F684500981E51 /* AppDelegate.h */,
				1D3623250D0F684500981E51 /* AppDelegate.m */,
			);
			name = Classes;
			path = Chrysler/Classes;
			sourceTree = SOURCE_ROOT;
		};
		19C28FACFE9D520D11CA2CBB /* Products */ = {
			isa = PBXGroup;
			children = (
				1D6058910D05DD3D006BFB54 /* Kids Kruiser.app */,
			);
			name = Products;
			sourceTree = "<group>";
		};
		1F766FDB13BBADB100FB74C0 /* en.lproj */ = {
			isa = PBXGroup;
			children = (
				1F766FDC13BBADB100FB74C0 /* Localizable.strings */,
			);
			path = en.lproj;
			sourceTree = "<group>";
		};
		1F766FDE13BBADB100FB74C0 /* es.lproj */ = {
			isa = PBXGroup;
			children = (
				1F766FDF13BBADB100FB74C0 /* Localizable.strings */,
			);
			path = es.lproj;
			sourceTree = "<group>";
		};
		29B97314FDCFA39411CA2CEA /* CustomTemplate */ = {
			isa = PBXGroup;
			children = (
				38F807B116C439FF006B247E /* Default-Portrait~ipad.png */,
				38F807AF16C439FA006B247E /* Default-Portrait@2x~ipad.png */,
				38F807AD16C439F6006B247E /* Default-Landscape@2x~ipad.png */,
				38F807AB16C4348E006B247E /* Default.png */,
				38F807A916C4348A006B247E /* Default@2x.png */,
				38F807A716C1BB41006B247E /* KidsKruiser114.png */,
				38F807A516C1B961006B247E /* KidsKruiser57.png */,
				38C1EF3E16331C8A00D13C09 /* libiconv.dylib */,
				38C1EF3C16331C6800D13C09 /* CoreVideo.framework */,
				38C1EF3A16331C5700D13C09 /* AssetsLibrary.framework */,
				38C1EF1816330C6B00D13C09 /* Default-568h@2x.png */,
				301BF56E109A69640062928A /* www */,
				301BF52D109A57CC0062928A /* CordovaLib */,
				080E96DDFE201D6D7F000001 /* Classes */,
				307C750510C5A3420062BCA9 /* Plugins */,
				29B97315FDCFA39411CA2CEA /* Other Sources */,
				29B97317FDCFA39411CA2CEA /* Resources */,
				29B97323FDCFA39411CA2CEA /* Frameworks */,
				19C28FACFE9D520D11CA2CBB /* Products */,
			);
			name = CustomTemplate;
			sourceTree = "<group>";
		};
		29B97315FDCFA39411CA2CEA /* Other Sources */ = {
			isa = PBXGroup;
			children = (
				32CA4F630368D1EE00C91783 /* Chrysler-Prefix.pch */,
				29B97316FDCFA39411CA2CEA /* main.m */,
			);
			name = "Other Sources";
			path = Chrysler;
			sourceTree = "<group>";
		};
		29B97317FDCFA39411CA2CEA /* Resources */ = {
			isa = PBXGroup;
			children = (
				30A0434214DC770100060A13 /* de.lproj */,
				30A0434514DC770100060A13 /* se.lproj */,
				1F766FDB13BBADB100FB74C0 /* en.lproj */,
				1F766FDE13BBADB100FB74C0 /* es.lproj */,
				3072F99613A8081B00425683 /* Capture.bundle */,
				308D052D1370CCF300D202BF /* icons */,
				308D05311370CCF300D202BF /* splash */,
				30E1352610E2C1420031B30D /* Cordova.plist */,
				8D1107310486CEB800E47090 /* Chrysler-Info.plist */,
				307D28A1123043350040C0FA /* CordovaBuildSettings.xcconfig */,
			);
			name = Resources;
			path = Chrysler/Resources;
			sourceTree = "<group>";
		};
		29B97323FDCFA39411CA2CEA /* Frameworks */ = {
			isa = PBXGroup;
			children = (
				3874F815182EB14F00E7EF0E /* CordovaLib.xcodeproj */,
				3874F813182EB00C00E7EF0E /* libCordova.a */,
				38313C67182EABF500AEA247 /* Classes */,
				1DF5F4DF0D08C38300B7A737 /* UIKit.framework */,
				1D30AB110D05D00D00671497 /* Foundation.framework */,
				288765FC0DF74451002DB57D /* CoreGraphics.framework */,
				301BF5B4109A6A2B0062928A /* AddressBook.framework */,
				301BF5B6109A6A2B0062928A /* AddressBookUI.framework */,
				301BF5B8109A6A2B0062928A /* AudioToolbox.framework */,
				301BF5BA109A6A2B0062928A /* AVFoundation.framework */,
				301BF5BC109A6A2B0062928A /* CFNetwork.framework */,
				301BF5BE109A6A2B0062928A /* CoreLocation.framework */,
				301BF5C0109A6A2B0062928A /* MediaPlayer.framework */,
				301BF5C2109A6A2B0062928A /* QuartzCore.framework */,
				301BF5C4109A6A2B0062928A /* SystemConfiguration.framework */,
				305D5FD0115AB8F900A74A75 /* MobileCoreServices.framework */,
				30E5649113A7FCAF007403D8 /* CoreMedia.framework */,
			);
			name = Frameworks;
			sourceTree = "<group>";
		};
		307C750510C5A3420062BCA9 /* Plugins */ = {
			isa = PBXGroup;
			children = (
				386134DB182EA923003449C8 /* CDVBarcodeScanner.mm */,
				386134DC182EA923003449C8 /* README */,
				386134DD182EA923003449C8 /* scannerOverlay.xib */,
				386134DE182EA923003449C8 /* zxing-all-in-one.cp */,
				386134DF182EA923003449C8 /* zxing-all-in-one.h */,
			);
			name = Plugins;
			path = Chrysler/Plugins;
			sourceTree = SOURCE_ROOT;
		};
		308D052D1370CCF300D202BF /* icons */ = {
			isa = PBXGroup;
			children = (
				308D052E1370CCF300D202BF /* icon-72.png */,
				308D052F1370CCF300D202BF /* icon.png */,
				308D05301370CCF300D202BF /* icon@2x.png */,
			);
			path = icons;
			sourceTree = "<group>";
		};
		308D05311370CCF300D202BF /* splash */ = {
			isa = PBXGroup;
			children = (
				3088BBB7154F3926009F9C59 /* Default-Landscape@2x~ipad.png */,
				3088BBB8154F3926009F9C59 /* Default-Landscape~ipad.png */,
				3088BBB9154F3926009F9C59 /* Default-Portrait@2x~ipad.png */,
				3088BBBA154F3926009F9C59 /* Default-Portrait~ipad.png */,
				3088BBBB154F3926009F9C59 /* Default@2x~iphone.png */,
				3088BBBC154F3926009F9C59 /* Default~iphone.png */,
			);
			path = splash;
			sourceTree = "<group>";
		};
		30A0434214DC770100060A13 /* de.lproj */ = {
			isa = PBXGroup;
			children = (
				30A0434314DC770100060A13 /* Localizable.strings */,
			);
			path = de.lproj;
			sourceTree = "<group>";
		};
		30A0434514DC770100060A13 /* se.lproj */ = {
			isa = PBXGroup;
			children = (
				30A0434614DC770100060A13 /* Localizable.strings */,
			);
			path = se.lproj;
			sourceTree = "<group>";
		};
		38313C67182EABF500AEA247 /* Classes */ = {
			isa = PBXGroup;
			children = (
				38313C68182EABF500AEA247 /* CDV.h */,
				38313C69182EABF500AEA247 /* CDVAccelerometer.h */,
				38313C6A182EABF500AEA247 /* CDVAccelerometer.m */,
				38313C6B182EABF500AEA247 /* CDVAvailability.h */,
				38313C6C182EABF500AEA247 /* CDVBattery.h */,
				38313C6D182EABF500AEA247 /* CDVBattery.m */,
				38313C6E182EABF500AEA247 /* CDVCamera.h */,
				38313C6F182EABF500AEA247 /* CDVCamera.m */,
				38313C70182EABF500AEA247 /* CDVCapture.h */,
				38313C71182EABF500AEA247 /* CDVCapture.m */,
				38313C72182EABF500AEA247 /* CDVCommandDelegate.h */,
				38313C73182EABF500AEA247 /* CDVConnection.h */,
				38313C74182EABF500AEA247 /* CDVConnection.m */,
				38313C75182EABF500AEA247 /* CDVContact.h */,
				38313C76182EABF500AEA247 /* CDVContact.m */,
				38313C77182EABF500AEA247 /* CDVContacts.h */,
				38313C78182EABF500AEA247 /* CDVContacts.m */,
				38313C79182EABF500AEA247 /* CDVCordovaView.h */,
				38313C7A182EABF500AEA247 /* CDVCordovaView.m */,
				38313C7B182EABF500AEA247 /* CDVDebug.h */,
				38313C7C182EABF500AEA247 /* CDVDebugConsole.h */,
				38313C7D182EABF500AEA247 /* CDVDebugConsole.m */,
				38313C7E182EABF500AEA247 /* CDVDevice.h */,
				38313C7F182EABF500AEA247 /* CDVDevice.m */,
				38313C80182EABF500AEA247 /* CDVEcho.h */,
				38313C81182EABF500AEA247 /* CDVEcho.m */,
				38313C82182EABF500AEA247 /* CDVFile.h */,
				38313C83182EABF500AEA247 /* CDVFile.m */,
				38313C84182EABF500AEA247 /* CDVFileTransfer.h */,
				38313C85182EABF500AEA247 /* CDVFileTransfer.m */,
				38313C86182EABF500AEA247 /* CDVInvokedUrlCommand.h */,
				38313C87182EABF500AEA247 /* CDVInvokedUrlCommand.m */,
				38313C88182EABF500AEA247 /* CDVLocalStorage.h */,
				38313C89182EABF500AEA247 /* CDVLocalStorage.m */,
				38313C8A182EABF500AEA247 /* CDVLocation.h */,
				38313C8B182EABF500AEA247 /* CDVLocation.m */,
				38313C8C182EABF500AEA247 /* CDVLogger.h */,
				38313C8D182EABF500AEA247 /* CDVLogger.m */,
				38313C8E182EABF500AEA247 /* CDVNotification.h */,
				38313C8F182EABF500AEA247 /* CDVNotification.m */,
				38313C90182EABF500AEA247 /* CDVPlugin.h */,
				38313C91182EABF500AEA247 /* CDVPlugin.m */,
				38313C92182EABF500AEA247 /* CDVPluginResult.h */,
				38313C93182EABF500AEA247 /* CDVPluginResult.m */,
				38313C94182EABF500AEA247 /* CDVReachability.h */,
				38313C95182EABF500AEA247 /* CDVReachability.m */,
				38313C96182EABF500AEA247 /* CDVSound.h */,
				38313C97182EABF500AEA247 /* CDVSound.m */,
				38313C98182EABF500AEA247 /* CDVSplashScreen.h */,
				38313C99182EABF500AEA247 /* CDVSplashScreen.m */,
				38313C9A182EABF500AEA247 /* CDVURLProtocol.h */,
				38313C9B182EABF500AEA247 /* CDVURLProtocol.m */,
				38313C9C182EABF500AEA247 /* CDVViewController.h */,
				38313C9D182EABF500AEA247 /* CDVViewController.m */,
				38313C9E182EABF500AEA247 /* CDVWhitelist.h */,
				38313C9F182EABF500AEA247 /* CDVWhitelist.m */,
				38313CA0182EABF500AEA247 /* compatibility */,
				38313CA9182EABF500AEA247 /* debugview */,
				38313CAD182EABF500AEA247 /* deprecated */,
				38313CB0182EABF500AEA247 /* JSON */,
				38313CB3182EABF500AEA247 /* NSArray+Comparisons.h */,
				38313CB4182EABF500AEA247 /* NSArray+Comparisons.m */,
				38313CB5182EABF500AEA247 /* NSData+Base64.h */,
				38313CB6182EABF500AEA247 /* NSData+Base64.m */,
				38313CB7182EABF500AEA247 /* NSDictionary+Extensions.h */,
				38313CB8182EABF500AEA247 /* NSDictionary+Extensions.m */,
				38313CB9182EABF500AEA247 /* NSMutableArray+QueueAdditions.h */,
				38313CBA182EABF500AEA247 /* NSMutableArray+QueueAdditions.m */,
				38313CBB182EABF500AEA247 /* UIDevice+Extensions.h */,
				38313CBC182EABF500AEA247 /* UIDevice+Extensions.m */,
			);
			name = Classes;
			path = ../CordovaLib/CordovaLib/Classes;
			sourceTree = "<group>";
		};
		38313CA0182EABF500AEA247 /* compatibility */ = {
			isa = PBXGroup;
			children = (
				38313CA1182EABF500AEA247 /* 0.9.6 */,
				38313CA5182EABF500AEA247 /* 1.5.0 */,
				38313CA8182EABF500AEA247 /* README.txt */,
			);
			path = compatibility;
			sourceTree = "<group>";
		};
		38313CA1182EABF500AEA247 /* 0.9.6 */ = {
			isa = PBXGroup;
			children = (
				38313CA2182EABF500AEA247 /* CDV.h */,
				38313CA3182EABF500AEA247 /* CDVPlugin.h */,
				38313CA4182EABF500AEA247 /* CDVPlugin.m */,
			);
			path = 0.9.6;
			sourceTree = "<group>";
		};
		38313CA5182EABF500AEA247 /* 1.5.0 */ = {
			isa = PBXGroup;
			children = (
				38313CA6182EABF500AEA247 /* CDV.h */,
				38313CA7182EABF500AEA247 /* CDVPlugin.h */,
			);
			path = 1.5.0;
			sourceTree = "<group>";
		};
		38313CA9182EABF500AEA247 /* debugview */ = {
			isa = PBXGroup;
			children = (
				38313CAA182EABF500AEA247 /* CDVDebugWebView.h */,
				38313CAB182EABF500AEA247 /* CDVDebugWebView.m */,
				38313CAC182EABF500AEA247 /* WebScriptDebugDelegate.h */,
			);
			path = debugview;
			sourceTree = "<group>";
		};
		38313CAD182EABF500AEA247 /* deprecated */ = {
			isa = PBXGroup;
			children = (
				38313CAE182EABF500AEA247 /* CDVDeprecated.h */,
				38313CAF182EABF500AEA247 /* CDVDeprecated.m */,
			);
			path = deprecated;
			sourceTree = "<group>";
		};
		38313CB0182EABF500AEA247 /* JSON */ = {
			isa = PBXGroup;
			children = (
				38313CB1182EABF500AEA247 /* JSONKit.h */,
				38313CB2182EABF500AEA247 /* JSONKit.m */,
			);
			path = JSON;
			sourceTree = "<group>";
		};
		3874F816182EB14F00E7EF0E /* Products */ = {
			isa = PBXGroup;
			children = (
				3874F81A182EB14F00E7EF0E /* libCordova.a */,
			);
			name = Products;
			sourceTree = "<group>";
		};
/* End PBXGroup section */

/* Begin PBXNativeTarget section */
		1D6058900D05DD3D006BFB54 /* Chrysler */ = {
			isa = PBXNativeTarget;
			buildConfigurationList = 1D6058960D05DD3E006BFB54 /* Build configuration list for PBXNativeTarget "Chrysler" */;
			buildPhases = (
				304B58A110DAC018002A0835 /* Touch www folder */,
				1D60588D0D05DD3D006BFB54 /* Resources */,
				1D60588E0D05DD3D006BFB54 /* Sources */,
				1D60588F0D05DD3D006BFB54 /* Frameworks */,
			);
			buildRules = (
			);
			dependencies = (
			);
			name = Chrysler;
			productName = Chrysler;
			productReference = 1D6058910D05DD3D006BFB54 /* Kids Kruiser.app */;
			productType = "com.apple.product-type.application";
		};
/* End PBXNativeTarget section */

/* Begin PBXProject section */
		29B97313FDCFA39411CA2CEA /* Project object */ = {
			isa = PBXProject;
			attributes = {
				LastUpgradeCheck = 0430;
			};
			buildConfigurationList = C01FCF4E08A954540054247B /* Build configuration list for PBXProject "Chrysler" */;
			compatibilityVersion = "Xcode 3.2";
			developmentRegion = English;
			hasScannedForEncodings = 1;
			knownRegions = (
				English,
				Japanese,
				French,
				German,
				en,
				es,
				de,
				se,
			);
			mainGroup = 29B97314FDCFA39411CA2CEA /* CustomTemplate */;
			projectDirPath = "";
			projectReferences = (
				{
					ProductGroup = 3874F816182EB14F00E7EF0E /* Products */;
					ProjectRef = 3874F815182EB14F00E7EF0E /* CordovaLib.xcodeproj */;
				},
			);
			projectRoot = "";
			targets = (
				1D6058900D05DD3D006BFB54 /* Chrysler */,
			);
		};
/* End PBXProject section */

/* Begin PBXReferenceProxy section */
		3874F81A182EB14F00E7EF0E /* libCordova.a */ = {
			isa = PBXReferenceProxy;
			fileType = archive.ar;
			path = libCordova.a;
			remoteRef = 3874F819182EB14F00E7EF0E /* PBXContainerItemProxy */;
			sourceTree = BUILT_PRODUCTS_DIR;
		};
/* End PBXReferenceProxy section */

/* Begin PBXResourcesBuildPhase section */
		1D60588D0D05DD3D006BFB54 /* Resources */ = {
			isa = PBXResourcesBuildPhase;
			buildActionMask = 2147483647;
			files = (
				301BF570109A69640062928A /* www in Resources */,
				30E1352710E2C1420031B30D /* Cordova.plist in Resources */,
				308D05371370CCF300D202BF /* icon-72.png in Resources */,
				386134E2182EA923003449C8 /* scannerOverlay.xib in Resources */,
				308D05381370CCF300D202BF /* icon.png in Resources */,
				308D05391370CCF300D202BF /* icon@2x.png in Resources */,
				3072F99713A8081B00425683 /* Capture.bundle in Resources */,
				1F766FE113BBADB100FB74C0 /* Localizable.strings in Resources */,
				1F766FE213BBADB100FB74C0 /* Localizable.strings in Resources */,
				302D95F214D2391D003F00A1 /* MainViewController.xib in Resources */,
				386134E1182EA923003449C8 /* README in Resources */,
				30A0434814DC770100060A13 /* Localizable.strings in Resources */,
				30A0434914DC770100060A13 /* Localizable.strings in Resources */,
				3088BBBD154F3926009F9C59 /* Default-Landscape@2x~ipad.png in Resources */,
				3088BBBE154F3926009F9C59 /* Default-Landscape~ipad.png in Resources */,
				3088BBBF154F3926009F9C59 /* Default-Portrait@2x~ipad.png in Resources */,
				3088BBC0154F3926009F9C59 /* Default-Portrait~ipad.png in Resources */,
				3088BBC1154F3926009F9C59 /* Default@2x~iphone.png in Resources */,
				3088BBC2154F3926009F9C59 /* Default~iphone.png in Resources */,
				38C1EF1916330C6B00D13C09 /* Default-568h@2x.png in Resources */,
				38F807A616C1B961006B247E /* KidsKruiser57.png in Resources */,
				38F807A816C1BB41006B247E /* KidsKruiser114.png in Resources */,
				38F807AA16C4348A006B247E /* Default@2x.png in Resources */,
				38F807AC16C4348E006B247E /* Default.png in Resources */,
				38F807AE16C439F6006B247E /* Default-Landscape@2x~ipad.png in Resources */,
				38F807B016C439FA006B247E /* Default-Portrait@2x~ipad.png in Resources */,
				38F807B216C439FF006B247E /* Default-Portrait~ipad.png in Resources */,
			);
			runOnlyForDeploymentPostprocessing = 0;
		};
/* End PBXResourcesBuildPhase section */

/* Begin PBXShellScriptBuildPhase section */
		304B58A110DAC018002A0835 /* Touch www folder */ = {
			isa = PBXShellScriptBuildPhase;
			buildActionMask = 2147483647;
			files = (
			);
			inputPaths = (
			);
			name = "Touch www folder";
			outputPaths = (
			);
			runOnlyForDeploymentPostprocessing = 0;
			shellPath = /bin/sh;
			shellScript = "touch -cm ${PROJECT_DIR}/www";
		};
/* End PBXShellScriptBuildPhase section */

/* Begin PBXSourcesBuildPhase section */
		1D60588E0D05DD3D006BFB54 /* Sources */ = {
			isa = PBXSourcesBuildPhase;
			buildActionMask = 2147483647;
			files = (
				1D60589B0D05DD56006BFB54 /* main.m in Sources */,
				1D3623260D0F684500981E51 /* AppDelegate.m in Sources */,
				302D95F114D2391D003F00A1 /* MainViewController.m in Sources */,
				386134E0182EA923003449C8 /* CDVBarcodeScanner.mm in Sources */,
				386134E3182EA923003449C8 /* zxing-all-in-one.cp in Sources */,
			);
			runOnlyForDeploymentPostprocessing = 0;
		};
/* End PBXSourcesBuildPhase section */

/* Begin PBXVariantGroup section */
		1F766FDC13BBADB100FB74C0 /* Localizable.strings */ = {
			isa = PBXVariantGroup;
			children = (
				1F766FDD13BBADB100FB74C0 /* en */,
			);
			name = Localizable.strings;
			sourceTree = "<group>";
		};
		1F766FDF13BBADB100FB74C0 /* Localizable.strings */ = {
			isa = PBXVariantGroup;
			children = (
				1F766FE013BBADB100FB74C0 /* es */,
			);
			name = Localizable.strings;
			sourceTree = "<group>";
		};
		30A0434314DC770100060A13 /* Localizable.strings */ = {
			isa = PBXVariantGroup;
			children = (
				30A0434414DC770100060A13 /* de */,
			);
			name = Localizable.strings;
			sourceTree = "<group>";
		};
		30A0434614DC770100060A13 /* Localizable.strings */ = {
			isa = PBXVariantGroup;
			children = (
				30A0434714DC770100060A13 /* se */,
			);
			name = Localizable.strings;
			sourceTree = "<group>";
		};
/* End PBXVariantGroup section */

/* Begin XCBuildConfiguration section */
		1D6058940D05DD3E006BFB54 /* Debug */ = {
			isa = XCBuildConfiguration;
			buildSettings = {
				ALWAYS_SEARCH_USER_PATHS = NO;
				CLANG_ENABLE_OBJC_ARC = NO;
				CLANG_WARN_OBJCPP_ARC_ABI = YES;
				CODE_SIGN_IDENTITY = "iPhone Distribution: GAVIN TODD (M8A63VL29C)";
				"CODE_SIGN_IDENTITY[sdk=iphoneos*]" = "iPhone Distribution: GAVIN TODD (M8A63VL29C)";
				COPY_PHASE_STRIP = NO;
				GCC_DYNAMIC_NO_PIC = NO;
				GCC_OPTIMIZATION_LEVEL = 0;
				GCC_PRECOMPILE_PREFIX_HEADER = YES;
				GCC_PREFIX_HEADER = "Chrysler/Chrysler-Prefix.pch";
				GCC_THUMB_SUPPORT = NO;
				GCC_VERSION = com.apple.compilers.llvm.clang.1_0;
				INFOPLIST_FILE = "Chrysler/Chrysler-Info.plist";
				IPHONEOS_DEPLOYMENT_TARGET = 7.0;
				LIBRARY_SEARCH_PATHS = "";
				PRODUCT_NAME = "Kids Kruiser";
				PROVISIONING_PROFILE = "0A4C2F67-1D36-4F22-9BD5-7C344953DFAC";
				"PROVISIONING_PROFILE[sdk=iphoneos*]" = "0A4C2F67-1D36-4F22-9BD5-7C344953DFAC";
				TARGETED_DEVICE_FAMILY = "1,2";
			};
			name = Debug;
		};
		1D6058950D05DD3E006BFB54 /* Release */ = {
			isa = XCBuildConfiguration;
			buildSettings = {
				ALWAYS_SEARCH_USER_PATHS = NO;
				CLANG_ENABLE_OBJC_ARC = NO;
				CLANG_WARN_OBJCPP_ARC_ABI = YES;
				CODE_SIGN_IDENTITY = "iPhone Distribution: GAVIN TODD (M8A63VL29C)";
				"CODE_SIGN_IDENTITY[sdk=iphoneos*]" = "iPhone Distribution: GAVIN TODD (M8A63VL29C)";
				COPY_PHASE_STRIP = YES;
				GCC_PRECOMPILE_PREFIX_HEADER = YES;
				GCC_PREFIX_HEADER = "Chrysler/Chrysler-Prefix.pch";
				GCC_THUMB_SUPPORT = NO;
				GCC_VERSION = com.apple.compilers.llvm.clang.1_0;
				INFOPLIST_FILE = "Chrysler/Chrysler-Info.plist";
				"INFOPLIST_FILE[sdk=*]" = "Chrysler/Chrysler-Info.plist";
				IPHONEOS_DEPLOYMENT_TARGET = 7.0;
				LIBRARY_SEARCH_PATHS = "";
				"LIBRARY_SEARCH_PATHS[arch=*]" = "";
				PRODUCT_NAME = "Kids Kruiser";
				PROVISIONING_PROFILE = "0A4C2F67-1D36-4F22-9BD5-7C344953DFAC";
				"PROVISIONING_PROFILE[sdk=iphoneos*]" = "0A4C2F67-1D36-4F22-9BD5-7C344953DFAC";
				TARGETED_DEVICE_FAMILY = "1,2";
			};
			name = Release;
		};
		C01FCF4F08A954540054247B /* Debug */ = {
			isa = XCBuildConfiguration;
			baseConfigurationReference = 307D28A1123043350040C0FA /* CordovaBuildSettings.xcconfig */;
			buildSettings = {
				ARCHS = (
					armv6,
					armv7,
				);
				CODE_SIGN_IDENTITY = "iPhone Developer: GAVIN TODD (A64VCY5UWX)";
				"CODE_SIGN_IDENTITY[sdk=iphoneos*]" = "iPhone Developer: GAVIN TODD (A64VCY5UWX)";
				GCC_C_LANGUAGE_STANDARD = c99;
				GCC_THUMB_SUPPORT = NO;
				GCC_VERSION = com.apple.compilers.llvm.clang.1_0;
				GCC_WARN_ABOUT_RETURN_TYPE = YES;
				GCC_WARN_UNUSED_VARIABLE = YES;
				HEADER_SEARCH_PATHS = (
					"\"$(TARGET_BUILD_DIR)/usr/local/lib/include\"",
					"\"$(OBJROOT)/UninstalledProducts/include\"",
					"\"$(BUILT_PRODUCTS_DIR)\"",
				);
				IPHONEOS_DEPLOYMENT_TARGET = 4.2;
				OTHER_LDFLAGS = (
					"-weak_framework",
					CoreFoundation,
					"-weak_framework",
					UIKit,
					"-weak_framework",
					AVFoundation,
					"-weak_framework",
					CoreMedia,
					"-weak-lSystem",
					"-all_load",
					"-Obj-C",
				);
				PRODUCT_NAME = "Kids Kruiser";
				PROVISIONING_PROFILE = "";
				"PROVISIONING_PROFILE[sdk=iphoneos*]" = "";
				SDKROOT = iphoneos;
				SKIP_INSTALL = NO;
				USER_HEADER_SEARCH_PATHS = "";
			};
			name = Debug;
		};
		C01FCF5008A954540054247B /* Release */ = {
			isa = XCBuildConfiguration;
			baseConfigurationReference = 307D28A1123043350040C0FA /* CordovaBuildSettings.xcconfig */;
			buildSettings = {
				ARCHS = (
					armv6,
					armv7,
				);
				CODE_SIGN_IDENTITY = "iPhone Developer: GAVIN TODD (A64VCY5UWX)";
				"CODE_SIGN_IDENTITY[sdk=iphoneos*]" = "iPhone Developer: GAVIN TODD (A64VCY5UWX)";
				GCC_C_LANGUAGE_STANDARD = c99;
				GCC_THUMB_SUPPORT = NO;
				GCC_VERSION = com.apple.compilers.llvm.clang.1_0;
				GCC_WARN_ABOUT_RETURN_TYPE = YES;
				GCC_WARN_UNUSED_VARIABLE = YES;
				HEADER_SEARCH_PATHS = (
					"\"$(TARGET_BUILD_DIR)/usr/local/lib/include\"",
					"\"$(OBJROOT)/UninstalledProducts/include\"",
					"\"$(BUILT_PRODUCTS_DIR)\"",
				);
				IPHONEOS_DEPLOYMENT_TARGET = 4.2;
				OTHER_LDFLAGS = (
					"-weak_framework",
					CoreFoundation,
					"-weak_framework",
					UIKit,
					"-weak_framework",
					AVFoundation,
					"-weak_framework",
					CoreMedia,
					"-weak-lSystem",
					"-all_load",
					"-Obj-C",
				);
				PRODUCT_NAME = "Kids Kruiser";
				PROVISIONING_PROFILE = "";
				"PROVISIONING_PROFILE[sdk=iphoneos*]" = "";
				SDKROOT = iphoneos;
				SKIP_INSTALL = NO;
				USER_HEADER_SEARCH_PATHS = "";
			};
			name = Release;
		};
/* End XCBuildConfiguration section */

/* Begin XCConfigurationList section */
		1D6058960D05DD3E006BFB54 /* Build configuration list for PBXNativeTarget "Chrysler" */ = {
			isa = XCConfigurationList;
			buildConfigurations = (
				1D6058940D05DD3E006BFB54 /* Debug */,
				1D6058950D05DD3E006BFB54 /* Release */,
			);
			defaultConfigurationIsVisible = 0;
			defaultConfigurationName = Release;
		};
		C01FCF4E08A954540054247B /* Build configuration list for PBXProject "Chrysler" */ = {
			isa = XCConfigurationList;
			buildConfigurations = (
				C01FCF4F08A954540054247B /* Debug */,
				C01FCF5008A954540054247B /* Release */,
			);
			defaultConfigurationIsVisible = 0;
			defaultConfigurationName = Release;
		};
/* End XCConfigurationList section */
	};
	rootObject = 29B97313FDCFA39411CA2CEA /* Project object */;
}
